<?xml version="1.0" encoding="utf-8"?>
<Project ToolsVersion="4.0" xmlns="http://schemas.microsoft.com/developer/msbuild/2003">
  <ItemGroup>
    <ClCompile Include="program\Game.cpp" />
    <ClCompile Include="program\Main.cpp" />
    <ClCompile Include="program\1-Up_Mushroom.cpp">
      <Filter>game</Filter>
    </ClCompile>
    <ClCompile Include="program\Brick_Block.cpp">
      <Filter>game</Filter>
    </ClCompile>
    <ClCompile Include="program\Camera.cpp">
      <Filter>program</Filter>
    </ClCompile>
    <ClCompile Include="program\Collidable.cpp">
      <Filter>system</Filter>
    </ClCompile>
    <ClCompile Include="program\Coin.cpp">
      <Filter>game</Filter>
    </ClCompile>
    <ClCompile Include="program\Debug.cpp">
      <Filter>program</Filter>
    </ClCompile>
    <ClCompile Include="program\Collider.cpp">
      <Filter>system</Filter>
    </ClCompile>
    <ClCompile Include="program\Enemy.cpp">
      <Filter>program</Filter>
    </ClCompile>
    <ClCompile Include="program\Fire_Flower.cpp">
      <Filter>game</Filter>
    </ClCompile>
    <ClCompile Include="program\Float2.cpp">
      <Filter>system</Filter>
    </ClCompile>
    <ClCompile Include="program\Game_Over.cpp">
      <Filter>program</Filter>
    </ClCompile>
    <ClCompile Include="program\Goal_Pole.cpp">
      <Filter>game</Filter>
    </ClCompile>
    <ClCompile Include="program\Goomba.cpp">
      <Filter>game</Filter>
    </ClCompile>
    <ClCompile Include="program\Hard_Block.cpp">
      <Filter>system</Filter>
    </ClCompile>
    <ClCompile Include="program\HelpfulFunc.cpp">
      <Filter>system</Filter>
    </ClCompile>
    <ClCompile Include="program\Hidden_Block.cpp">
      <Filter>game</Filter>
    </ClCompile>
    <ClCompile Include="program\Super_Mushroom.cpp">
      <Filter>game</Filter>
    </ClCompile>
    <ClCompile Include="program\Super_Star.cpp">
      <Filter>game</Filter>
    </ClCompile>
    <ClCompile Include="program\StageManager.cpp">
      <Filter>system</Filter>
    </ClCompile>
    <ClCompile Include="program\Koopa_Troopa.cpp">
      <Filter>game</Filter>
    </ClCompile>
    <ClCompile Include="program\Hit.cpp">
      <Filter>system</Filter>
    </ClCompile>
    <ClCompile Include="program\Question_Block.cpp">
      <Filter>game</Filter>
    </ClCompile>
    <ClCompile Include="program\Mario.cpp">
      <Filter>game</Filter>
    </ClCompile>
    <ClCompile Include="program\Random.cpp">
      <Filter>system</Filter>
    </ClCompile>
    <ClCompile Include="program\RigidBody.cpp">
      <Filter>system</Filter>
    </ClCompile>
    <ClCompile Include="program\Score.cpp">
      <Filter>system</Filter>
    </ClCompile>
    <ClCompile Include="program\Map.cpp">
      <Filter>program</Filter>
    </ClCompile>
    <ClCompile Include="program\Sound.cpp">
      <Filter>program</Filter>
    </ClCompile>
    <ClCompile Include="program\Time.cpp">
      <Filter>system</Filter>
    </ClCompile>
    <ClCompile Include="program\Warp_Pipe.cpp">
      <Filter>game</Filter>
    </ClCompile>
    <ClCompile Include="program\Fireworks.cpp">
      <Filter>game</Filter>
    </ClCompile>
    <ClCompile Include="program\Ground.cpp">
      <Filter>program</Filter>
    </ClCompile>
    <ClCompile Include="program\Castle.cpp" />
    <ClCompile Include="program\Firebar.cpp" />
    <ClCompile Include="program\Bowser.cpp">
      <Filter>game</Filter>
    </ClCompile>
    <ClCompile Include="program\Bridge.cpp">
      <Filter>game</Filter>
    </ClCompile>
    <ClCompile Include="program\Bowser_Fire.cpp">
      <Filter>game</Filter>
    </ClCompile>
    <ClCompile Include="program\Axe.cpp">
      <Filter>game</Filter>
    </ClCompile>
    <ClCompile Include="program\Moving_Platform.cpp">
      <Filter>game</Filter>
    </ClCompile>
  </ItemGroup>
  <ItemGroup>
    <ClInclude Include="program\Game.h" />
    <ClInclude Include="program\Main.h" />
    <ClInclude Include="program\1-Up_Mushroom.h">
      <Filter>game</Filter>
    </ClInclude>
    <ClInclude Include="program\Brick_Block.h">
      <Filter>game</Filter>
    </ClInclude>
    <ClInclude Include="program\Camera.h">
      <Filter>program</Filter>
    </ClInclude>
    <ClInclude Include="program\Collidable.h">
      <Filter>system</Filter>
    </ClInclude>
    <ClInclude Include="program\Coin.h">
      <Filter>game</Filter>
    </ClInclude>
    <ClInclude Include="program\Debug.h">
      <Filter>program</Filter>
    </ClInclude>
    <ClInclude Include="program\Collider.h">
      <Filter>system</Filter>
    </ClInclude>
    <ClInclude Include="program\Enemy.h">
      <Filter>program</Filter>
    </ClInclude>
    <ClInclude Include="program\Fire_Flower.h">
      <Filter>game</Filter>
    </ClInclude>
    <ClInclude Include="program\Float2.h">
      <Filter>system</Filter>
    </ClInclude>
    <ClInclude Include="program\Game_Over.h">
      <Filter>program</Filter>
    </ClInclude>
    <ClInclude Include="program\Goal_Pole.h">
      <Filter>game</Filter>
    </ClInclude>
    <ClInclude Include="program\Goomba.h">
      <Filter>game</Filter>
    </ClInclude>
    <ClInclude Include="program\Hard_Block.h">
      <Filter>system</Filter>
    </ClInclude>
    <ClInclude Include="program\HelpfulFunc.h">
      <Filter>system</Filter>
    </ClInclude>
    <ClInclude Include="program\Hidden_Block.h">
      <Filter>game</Filter>
    </ClInclude>
    <ClInclude Include="program\Super_Star.h">
      <Filter>game</Filter>
    </ClInclude>
    <ClInclude Include="program\Super_Mushroom.h">
      <Filter>game</Filter>
    </ClInclude>
    <ClInclude Include="program\StageManager.h">
      <Filter>system</Filter>
    </ClInclude>
    <ClInclude Include="program\Koopa_Troopa.h">
      <Filter>game</Filter>
    </ClInclude>
    <ClInclude Include="program\IBlock.h">
      <Filter>system</Filter>
    </ClInclude>
    <ClInclude Include="program\Hit.h">
      <Filter>system</Filter>
    </ClInclude>
    <ClInclude Include="program\Question_Block.h">
      <Filter>game</Filter>
    </ClInclude>
    <ClInclude Include="program\Mario.h">
      <Filter>game</Filter>
    </ClInclude>
    <ClInclude Include="program\Random.h">
      <Filter>system</Filter>
    </ClInclude>
    <ClInclude Include="program\RigidBody.h">
      <Filter>system</Filter>
    </ClInclude>
    <ClInclude Include="program\Score.h">
      <Filter>system</Filter>
    </ClInclude>
    <ClInclude Include="program\Map.h">
      <Filter>program</Filter>
    </ClInclude>
    <ClInclude Include="program\Sound.h">
      <Filter>program</Filter>
    </ClInclude>
    <ClInclude Include="program\Time.h">
      <Filter>system</Filter>
    </ClInclude>
    <ClInclude Include="program\Warp_Pipe.h">
      <Filter>game</Filter>
    </ClInclude>
    <ClInclude Include="program\Fireworks.h">
      <Filter>game</Filter>
    </ClInclude>
    <ClInclude Include="program\Ground.h">
      <Filter>program</Filter>
    </ClInclude>
    <ClInclude Include="program\Castle.h" />
    <ClInclude Include="program\CollectableItem.h" />
    <ClInclude Include="program\Firebar.h" />
    <ClInclude Include="program\Bowser.h">
      <Filter>game</Filter>
    </ClInclude>
    <ClInclude Include="program\Bridge.h">
      <Filter>game</Filter>
    </ClInclude>
    <ClInclude Include="program\Bowser_Fire.h">
      <Filter>game</Filter>
    </ClInclude>
    <ClInclude Include="program\Axe.h">
      <Filter>game</Filter>
    </ClInclude>
    <ClInclude Include="program\Moving_Platform.h">
      <Filter>game</Filter>
    </ClInclude>
  </ItemGroup>
  <ItemGroup>
    <Filter Include="game">
      <UniqueIdentifier>{1ba1e24d-9dbb-44ba-9044-c248ced50667}</UniqueIdentifier>
    </Filter>
    <Filter Include="system">
      <UniqueIdentifier>{e12c9df5-7b42-4297-a3fc-3bf79febcbee}</UniqueIdentifier>
    </Filter>
    <Filter Include="program">
      <UniqueIdentifier>{8a3a0d46-6968-4cf9-8d38-90005d850f3b}</UniqueIdentifier>
    </Filter>
  </ItemGroup>
</Project>